lockfileVersion: '6.0'

devDependencies:
  '@types/react':
    specifier: ^18.2.7
    version: registry.npmjs.org/@types/react@18.2.7
  bunchee:
    specifier: ^3.2.0
    version: registry.npmjs.org/bunchee@3.2.0(typescript@5.0.4)
  react:
    specifier: ^18.2.0
    version: registry.npmjs.org/react@18.2.0

packages:

  registry.npmjs.org/@babel/code-frame@7.21.4:
    resolution: {integrity: sha512-LYvhNKfwWSPpocw8GI7gpK2nq3HSDuEPC/uSYaALSJu9xjsalaaYFOq0Pwt5KmVqwEbZlDu81aLXwBOmD/Fv9g==, registry: https://npm.pkg.github.com/affandra-solusi-teknologi, tarball: https://registry.npmjs.org/@babel/code-frame/-/code-frame-7.21.4.tgz}
    name: '@babel/code-frame'
    version: 7.21.4
    engines: {node: '>=6.9.0'}
    requiresBuild: true
    dependencies:
      '@babel/highlight': registry.npmjs.org/@babel/highlight@7.18.6
    dev: true
    optional: true

  registry.npmjs.org/@babel/helper-validator-identifier@7.19.1:
    resolution: {integrity: sha512-awrNfaMtnHUr653GgGEs++LlAvW6w+DcPrOliSMXWCKo597CwL5Acf/wWdNkf/tfEQE3mjkeD1YOVZOUV/od1w==, registry: https://npm.pkg.github.com/affandra-solusi-teknologi, tarball: https://registry.npmjs.org/@babel/helper-validator-identifier/-/helper-validator-identifier-7.19.1.tgz}
    name: '@babel/helper-validator-identifier'
    version: 7.19.1
    engines: {node: '>=6.9.0'}
    dev: true
    optional: true

  registry.npmjs.org/@babel/highlight@7.18.6:
    resolution: {integrity: sha512-u7stbOuYjaPezCuLj29hNW1v64M2Md2qupEKP1fHc7WdOA3DgLh37suiSrZYY7haUB7iBeQZ9P1uiRF359do3g==, registry: https://npm.pkg.github.com/affandra-solusi-teknologi, tarball: https://registry.npmjs.org/@babel/highlight/-/highlight-7.18.6.tgz}
    name: '@babel/highlight'
    version: 7.18.6
    engines: {node: '>=6.9.0'}
    dependencies:
      '@babel/helper-validator-identifier': registry.npmjs.org/@babel/helper-validator-identifier@7.19.1
      chalk: registry.npmjs.org/chalk@2.4.2
      js-tokens: registry.npmjs.org/js-tokens@4.0.0
    dev: true
    optional: true

  registry.npmjs.org/@fastify/deepmerge@1.3.0:
    resolution: {integrity: sha512-J8TOSBq3SoZbDhM9+R/u77hP93gz/rajSA+K2kGyijPpORPWUXHUpTaleoj+92As0S9uPRP7Oi8IqMf0u+ro6A==, registry: https://npm.pkg.github.com/affandra-solusi-teknologi, tarball: https://registry.npmjs.org/@fastify/deepmerge/-/deepmerge-1.3.0.tgz}
    name: '@fastify/deepmerge'
    version: 1.3.0
    dev: true

  registry.npmjs.org/@jridgewell/sourcemap-codec@1.4.15:
    resolution: {integrity: sha512-eF2rxCRulEKXHTRiDrDy6erMYWqNw4LPdQ8UQA4huuxaQsVeRPFl2oM8oDGxMFhJUWZf9McpLtJasDDZb/Bpeg==, registry: https://npm.pkg.github.com/affandra-solusi-teknologi, tarball: https://registry.npmjs.org/@jridgewell/sourcemap-codec/-/sourcemap-codec-1.4.15.tgz}
    name: '@jridgewell/sourcemap-codec'
    version: 1.4.15
    dev: true

  registry.npmjs.org/@rollup/plugin-commonjs@24.0.1(rollup@3.20.2):
    resolution: {integrity: sha512-15LsiWRZk4eOGqvrJyu3z3DaBu5BhXIMeWnijSRvd8irrrg9SHpQ1pH+BUK4H6Z9wL9yOxZJMTLU+Au86XHxow==, registry: https://npm.pkg.github.com/affandra-solusi-teknologi, tarball: https://registry.npmjs.org/@rollup/plugin-commonjs/-/plugin-commonjs-24.0.1.tgz}
    id: registry.npmjs.org/@rollup/plugin-commonjs/24.0.1
    name: '@rollup/plugin-commonjs'
    version: 24.0.1
    engines: {node: '>=14.0.0'}
    peerDependencies:
      rollup: ^2.68.0||^3.0.0
    peerDependenciesMeta:
      rollup:
        optional: true
    dependencies:
      '@rollup/pluginutils': registry.npmjs.org/@rollup/pluginutils@5.0.2(rollup@3.20.2)
      commondir: registry.npmjs.org/commondir@1.0.1
      estree-walker: registry.npmjs.org/estree-walker@2.0.2
      glob: registry.npmjs.org/glob@8.1.0
      is-reference: registry.npmjs.org/is-reference@1.2.1
      magic-string: registry.npmjs.org/magic-string@0.27.0
      rollup: registry.npmjs.org/rollup@3.20.2
    dev: true

  registry.npmjs.org/@rollup/plugin-json@6.0.0(rollup@3.20.2):
    resolution: {integrity: sha512-i/4C5Jrdr1XUarRhVu27EEwjt4GObltD7c+MkCIpO2QIbojw8MUs+CCTqOphQi3Qtg1FLmYt+l+6YeoIf51J7w==, registry: https://npm.pkg.github.com/affandra-solusi-teknologi, tarball: https://registry.npmjs.org/@rollup/plugin-json/-/plugin-json-6.0.0.tgz}
    id: registry.npmjs.org/@rollup/plugin-json/6.0.0
    name: '@rollup/plugin-json'
    version: 6.0.0
    engines: {node: '>=14.0.0'}
    peerDependencies:
      rollup: ^1.20.0||^2.0.0||^3.0.0
    peerDependenciesMeta:
      rollup:
        optional: true
    dependencies:
      '@rollup/pluginutils': registry.npmjs.org/@rollup/pluginutils@5.0.2(rollup@3.20.2)
      rollup: registry.npmjs.org/rollup@3.20.2
    dev: true

  registry.npmjs.org/@rollup/plugin-node-resolve@15.0.2(rollup@3.20.2):
    resolution: {integrity: sha512-Y35fRGUjC3FaurG722uhUuG8YHOJRJQbI6/CkbRkdPotSpDj9NtIN85z1zrcyDcCQIW4qp5mgG72U+gJ0TAFEg==, registry: https://npm.pkg.github.com/affandra-solusi-teknologi, tarball: https://registry.npmjs.org/@rollup/plugin-node-resolve/-/plugin-node-resolve-15.0.2.tgz}
    id: registry.npmjs.org/@rollup/plugin-node-resolve/15.0.2
    name: '@rollup/plugin-node-resolve'
    version: 15.0.2
    engines: {node: '>=14.0.0'}
    peerDependencies:
      rollup: ^2.78.0||^3.0.0
    peerDependenciesMeta:
      rollup:
        optional: true
    dependencies:
      '@rollup/pluginutils': registry.npmjs.org/@rollup/pluginutils@5.0.2(rollup@3.20.2)
      '@types/resolve': registry.npmjs.org/@types/resolve@1.20.2
      deepmerge: registry.npmjs.org/deepmerge@4.3.1
      is-builtin-module: registry.npmjs.org/is-builtin-module@3.2.1
      is-module: registry.npmjs.org/is-module@1.0.0
      resolve: registry.npmjs.org/resolve@1.22.2
      rollup: registry.npmjs.org/rollup@3.20.2
    dev: true

  registry.npmjs.org/@rollup/plugin-replace@5.0.2(rollup@3.20.2):
    resolution: {integrity: sha512-M9YXNekv/C/iHHK+cvORzfRYfPbq0RDD8r0G+bMiTXjNGKulPnCT9O3Ss46WfhI6ZOCgApOP7xAdmCQJ+U2LAA==, registry: https://npm.pkg.github.com/affandra-solusi-teknologi, tarball: https://registry.npmjs.org/@rollup/plugin-replace/-/plugin-replace-5.0.2.tgz}
    id: registry.npmjs.org/@rollup/plugin-replace/5.0.2
    name: '@rollup/plugin-replace'
    version: 5.0.2
    engines: {node: '>=14.0.0'}
    peerDependencies:
      rollup: ^1.20.0||^2.0.0||^3.0.0
    peerDependenciesMeta:
      rollup:
        optional: true
    dependencies:
      '@rollup/pluginutils': registry.npmjs.org/@rollup/pluginutils@5.0.2(rollup@3.20.2)
      magic-string: registry.npmjs.org/magic-string@0.27.0
      rollup: registry.npmjs.org/rollup@3.20.2
    dev: true

  registry.npmjs.org/@rollup/plugin-wasm@6.1.3(rollup@3.20.2):
    resolution: {integrity: sha512-7ItTTeyauE6lwdDtQWceEHZ9+txbi4RRy0mYPFn9BW7rD7YdgBDu7HTHsLtHrRzJc313RM/1m6GKgV3np/aEaw==, registry: https://npm.pkg.github.com/affandra-solusi-teknologi, tarball: https://registry.npmjs.org/@rollup/plugin-wasm/-/plugin-wasm-6.1.3.tgz}
    id: registry.npmjs.org/@rollup/plugin-wasm/6.1.3
    name: '@rollup/plugin-wasm'
    version: 6.1.3
    engines: {node: '>=14.0.0'}
    peerDependencies:
      rollup: ^1.20.0||^2.0.0||^3.0.0
    peerDependenciesMeta:
      rollup:
        optional: true
    dependencies:
      rollup: registry.npmjs.org/rollup@3.20.2
    dev: true

  registry.npmjs.org/@rollup/pluginutils@4.2.1:
    resolution: {integrity: sha512-iKnFXr7NkdZAIHiIWE+BX5ULi/ucVFYWD6TbAV+rZctiRTY2PL6tsIKhoIOaoskiWAkgu+VsbXgUVDNLHf+InQ==, registry: https://npm.pkg.github.com/affandra-solusi-teknologi, tarball: https://registry.npmjs.org/@rollup/pluginutils/-/pluginutils-4.2.1.tgz}
    name: '@rollup/pluginutils'
    version: 4.2.1
    engines: {node: '>= 8.0.0'}
    dependencies:
      estree-walker: registry.npmjs.org/estree-walker@2.0.2
      picomatch: registry.npmjs.org/picomatch@2.3.1
    dev: true

  registry.npmjs.org/@rollup/pluginutils@5.0.2(rollup@3.20.2):
    resolution: {integrity: sha512-pTd9rIsP92h+B6wWwFbW8RkZv4hiR/xKsqre4SIuAOaOEQRxi0lqLke9k2/7WegC85GgUs9pjmOjCUi3In4vwA==, registry: https://npm.pkg.github.com/affandra-solusi-teknologi, tarball: https://registry.npmjs.org/@rollup/pluginutils/-/pluginutils-5.0.2.tgz}
    id: registry.npmjs.org/@rollup/pluginutils/5.0.2
    name: '@rollup/pluginutils'
    version: 5.0.2
    engines: {node: '>=14.0.0'}
    peerDependencies:
      rollup: ^1.20.0||^2.0.0||^3.0.0
    peerDependenciesMeta:
      rollup:
        optional: true
    dependencies:
      '@types/estree': registry.npmjs.org/@types/estree@1.0.1
      estree-walker: registry.npmjs.org/estree-walker@2.0.2
      picomatch: registry.npmjs.org/picomatch@2.3.1
      rollup: registry.npmjs.org/rollup@3.20.2
    dev: true

  registry.npmjs.org/@swc/core-darwin-arm64@1.3.46:
    resolution: {integrity: sha512-kY4ASe7SsntDw2B1T70H9K1CFmK8POi+LyIpeCyC96EB9wbH2Sax+ploBB/wZALbYzr/dMJzOCU8QXzdmVS4Rg==, registry: https://npm.pkg.github.com/affandra-solusi-teknologi, tarball: https://registry.npmjs.org/@swc/core-darwin-arm64/-/core-darwin-arm64-1.3.46.tgz}
    name: '@swc/core-darwin-arm64'
    version: 1.3.46
    engines: {node: '>=10'}
    cpu: [arm64]
    os: [darwin]
    requiresBuild: true
    dev: true
    optional: true

  registry.npmjs.org/@swc/core-darwin-x64@1.3.46:
    resolution: {integrity: sha512-kE3PMk8xW+2BZ3oZiTxxsUU/GzrGwM+qS4frOBz9TYHZe+W1dTtj4F9vBit4PFJ+tv4O6DPt9neGobzdq0UmRw==, registry: https://npm.pkg.github.com/affandra-solusi-teknologi, tarball: https://registry.npmjs.org/@swc/core-darwin-x64/-/core-darwin-x64-1.3.46.tgz}
    name: '@swc/core-darwin-x64'
    version: 1.3.46
    engines: {node: '>=10'}
    cpu: [x64]
    os: [darwin]
    requiresBuild: true
    dev: true
    optional: true

  registry.npmjs.org/@swc/core-linux-arm-gnueabihf@1.3.46:
    resolution: {integrity: sha512-7TbiUr9MYxT+mC7sVrayag/isFoaZUG/ogkEK8B/ouA1pnIYqWh3N5ifqCzfcSRiOURt+vVqPyoO1puSiNzVuQ==, registry: https://npm.pkg.github.com/affandra-solusi-teknologi, tarball: https://registry.npmjs.org/@swc/core-linux-arm-gnueabihf/-/core-linux-arm-gnueabihf-1.3.46.tgz}
    name: '@swc/core-linux-arm-gnueabihf'
    version: 1.3.46
    engines: {node: '>=10'}
    cpu: [arm]
    os: [linux]
    requiresBuild: true
    dev: true
    optional: true

  registry.npmjs.org/@swc/core-linux-arm64-gnu@1.3.46:
    resolution: {integrity: sha512-Ycw4LU/wsUK9R+Y/2qFOPQseZDfM5D5gbWGrrYj5RoTm57FbnUsSsO26QeZxUNvams1oAQDkZDuerCc9qBRzIQ==, registry: https://npm.pkg.github.com/affandra-solusi-teknologi, tarball: https://registry.npmjs.org/@swc/core-linux-arm64-gnu/-/core-linux-arm64-gnu-1.3.46.tgz}
    name: '@swc/core-linux-arm64-gnu'
    version: 1.3.46
    engines: {node: '>=10'}
    cpu: [arm64]
    os: [linux]
    requiresBuild: true
    dev: true
    optional: true

  registry.npmjs.org/@swc/core-linux-arm64-musl@1.3.46:
    resolution: {integrity: sha512-cBclyr6IW1PBr8l9D4FkebgbqlkiIYnSJCbY84J/6PfTzQlD6w9a1TAoYxdGZpJ7SGHdmB0oDiZS1rhxCSCV/Q==, registry: https://npm.pkg.github.com/affandra-solusi-teknologi, tarball: https://registry.npmjs.org/@swc/core-linux-arm64-musl/-/core-linux-arm64-musl-1.3.46.tgz}
    name: '@swc/core-linux-arm64-musl'
    version: 1.3.46
    engines: {node: '>=10'}
    cpu: [arm64]
    os: [linux]
    requiresBuild: true
    dev: true
    optional: true

  registry.npmjs.org/@swc/core-linux-x64-gnu@1.3.46:
    resolution: {integrity: sha512-amqMhTA2CXB6t11hVAZSSPKq4DZ9/sWbW3wYYQHxzqrMJML0726OJs4pt0XnlU7FzdP/9M9j2B/gWCRaCMxXVA==, registry: https://npm.pkg.github.com/affandra-solusi-teknologi, tarball: https://registry.npmjs.org/@swc/core-linux-x64-gnu/-/core-linux-x64-gnu-1.3.46.tgz}
    name: '@swc/core-linux-x64-gnu'
    version: 1.3.46
    engines: {node: '>=10'}
    cpu: [x64]
    os: [linux]
    requiresBuild: true
    dev: true
    optional: true

  registry.npmjs.org/@swc/core-linux-x64-musl@1.3.46:
    resolution: {integrity: sha512-WOQZTIkJ9khIj5Z2unf6OTrWV9k8br+HZ93RvnamEmJBlLPUuT9IjB+agNhjaDgOpz9/ZldSGqV7vzl5FGQl1Q==, registry: https://npm.pkg.github.com/affandra-solusi-teknologi, tarball: https://registry.npmjs.org/@swc/core-linux-x64-musl/-/core-linux-x64-musl-1.3.46.tgz}
    name: '@swc/core-linux-x64-musl'
    version: 1.3.46
    engines: {node: '>=10'}
    cpu: [x64]
    os: [linux]
    requiresBuild: true
    dev: true
    optional: true

  registry.npmjs.org/@swc/core-win32-arm64-msvc@1.3.46:
    resolution: {integrity: sha512-4JSREbqaTRQ6QO0EeoiB6G5vuFT8zI8aTOLu5At7Cvlw+X7bOGNO+wJ3Tqw7O+68OL+0bPHzHGTXKL9kUccY1A==, registry: https://npm.pkg.github.com/affandra-solusi-teknologi, tarball: https://registry.npmjs.org/@swc/core-win32-arm64-msvc/-/core-win32-arm64-msvc-1.3.46.tgz}
    name: '@swc/core-win32-arm64-msvc'
    version: 1.3.46
    engines: {node: '>=10'}
    cpu: [arm64]
    os: [win32]
    requiresBuild: true
    dev: true
    optional: true

  registry.npmjs.org/@swc/core-win32-ia32-msvc@1.3.46:
    resolution: {integrity: sha512-kC8dIDzcArm1e85yHJsEZFxcNq5NztLkrqkP1nVOQ+9QXD9DKhjbZtWy2gnpclinii6KEGng8SieWiJiOA0CBQ==, registry: https://npm.pkg.github.com/affandra-solusi-teknologi, tarball: https://registry.npmjs.org/@swc/core-win32-ia32-msvc/-/core-win32-ia32-msvc-1.3.46.tgz}
    name: '@swc/core-win32-ia32-msvc'
    version: 1.3.46
    engines: {node: '>=10'}
    cpu: [ia32]
    os: [win32]
    requiresBuild: true
    dev: true
    optional: true

  registry.npmjs.org/@swc/core-win32-x64-msvc@1.3.46:
    resolution: {integrity: sha512-rrSAfq+DvpJioBxUsnuH+sKl0eXid1DwkwNzkVGHEreN9GoP7GospWtFq7VDcO6DrS/s3HtR4/TzoIYFEBCRIg==, registry: https://npm.pkg.github.com/affandra-solusi-teknologi, tarball: https://registry.npmjs.org/@swc/core-win32-x64-msvc/-/core-win32-x64-msvc-1.3.46.tgz}
    name: '@swc/core-win32-x64-msvc'
    version: 1.3.46
    engines: {node: '>=10'}
    cpu: [x64]
    os: [win32]
    requiresBuild: true
    dev: true
    optional: true

  registry.npmjs.org/@swc/core@1.3.46(@swc/helpers@0.5.0):
    resolution: {integrity: sha512-WxzgJMWUBVJ95HsvEqlWzM3Qxp2FQrPa4QdAkQQuuvCMnfdctGUbhX/c3LiSRlWrl2LIkYAi4bLansTOol4QcQ==, registry: https://npm.pkg.github.com/affandra-solusi-teknologi, tarball: https://registry.npmjs.org/@swc/core/-/core-1.3.46.tgz}
    id: registry.npmjs.org/@swc/core/1.3.46
    name: '@swc/core'
    version: 1.3.46
    engines: {node: '>=10'}
    requiresBuild: true
    peerDependencies:
      '@swc/helpers': ^0.5.0
    dependencies:
      '@swc/helpers': registry.npmjs.org/@swc/helpers@0.5.0
    optionalDependencies:
      '@swc/core-darwin-arm64': registry.npmjs.org/@swc/core-darwin-arm64@1.3.46
      '@swc/core-darwin-x64': registry.npmjs.org/@swc/core-darwin-x64@1.3.46
      '@swc/core-linux-arm-gnueabihf': registry.npmjs.org/@swc/core-linux-arm-gnueabihf@1.3.46
      '@swc/core-linux-arm64-gnu': registry.npmjs.org/@swc/core-linux-arm64-gnu@1.3.46
      '@swc/core-linux-arm64-musl': registry.npmjs.org/@swc/core-linux-arm64-musl@1.3.46
      '@swc/core-linux-x64-gnu': registry.npmjs.org/@swc/core-linux-x64-gnu@1.3.46
      '@swc/core-linux-x64-musl': registry.npmjs.org/@swc/core-linux-x64-musl@1.3.46
      '@swc/core-win32-arm64-msvc': registry.npmjs.org/@swc/core-win32-arm64-msvc@1.3.46
      '@swc/core-win32-ia32-msvc': registry.npmjs.org/@swc/core-win32-ia32-msvc@1.3.46
      '@swc/core-win32-x64-msvc': registry.npmjs.org/@swc/core-win32-x64-msvc@1.3.46
    dev: true

  registry.npmjs.org/@swc/helpers@0.5.0:
    resolution: {integrity: sha512-SjY/p4MmECVVEWspzSRpQEM3sjR17sP8PbGxELWrT+YZMBfiUyt1MRUNjMV23zohwlG2HYtCQOsCwsTHguXkyg==, registry: https://npm.pkg.github.com/affandra-solusi-teknologi, tarball: https://registry.npmjs.org/@swc/helpers/-/helpers-0.5.0.tgz}
    name: '@swc/helpers'
    version: 0.5.0
    dependencies:
      tslib: registry.npmjs.org/tslib@2.5.0
    dev: true

  registry.npmjs.org/@types/estree@1.0.1:
    resolution: {integrity: sha512-LG4opVs2ANWZ1TJoKc937iMmNstM/d0ae1vNbnBvBhqCSezgVUOzcLCqbI5elV8Vy6WKwKjaqR+zO9VKirBBCA==, registry: https://npm.pkg.github.com/affandra-solusi-teknologi, tarball: https://registry.npmjs.org/@types/estree/-/estree-1.0.1.tgz}
    name: '@types/estree'
    version: 1.0.1
    dev: true

  registry.npmjs.org/@types/prop-types@15.7.5:
    resolution: {integrity: sha512-JCB8C6SnDoQf0cNycqd/35A7MjcnK+ZTqE7judS6o7utxUCg6imJg3QK2qzHKszlTjcj2cn+NwMB2i96ubpj7w==, registry: https://npm.pkg.github.com/affandra-solusi-teknologi, tarball: https://registry.npmjs.org/@types/prop-types/-/prop-types-15.7.5.tgz}
    name: '@types/prop-types'
    version: 15.7.5
    dev: true

  registry.npmjs.org/@types/react@18.2.7:
    resolution: {integrity: sha512-ojrXpSH2XFCmHm7Jy3q44nXDyN54+EYKP2lBhJ2bqfyPj6cIUW/FZW/Csdia34NQgq7KYcAlHi5184m4X88+yw==, registry: https://npm.pkg.github.com/affandra-solusi-teknologi, tarball: https://registry.npmjs.org/@types/react/-/react-18.2.7.tgz}
    name: '@types/react'
    version: 18.2.7
    dependencies:
      '@types/prop-types': registry.npmjs.org/@types/prop-types@15.7.5
      '@types/scheduler': registry.npmjs.org/@types/scheduler@0.16.3
      csstype: registry.npmjs.org/csstype@3.1.2
    dev: true

  registry.npmjs.org/@types/resolve@1.20.2:
    resolution: {integrity: sha512-60BCwRFOZCQhDncwQdxxeOEEkbc5dIMccYLwbxsS4TUNeVECQ/pBJ0j09mrHOl/JJvpRPGwO9SvE4nR2Nb/a4Q==, registry: https://npm.pkg.github.com/affandra-solusi-teknologi, tarball: https://registry.npmjs.org/@types/resolve/-/resolve-1.20.2.tgz}
    name: '@types/resolve'
    version: 1.20.2
    dev: true

  registry.npmjs.org/@types/scheduler@0.16.3:
    resolution: {integrity: sha512-5cJ8CB4yAx7BH1oMvdU0Jh9lrEXyPkar6F9G/ERswkCuvP4KQZfZkSjcMbAICCpQTN4OuZn8tz0HiKv9TGZgrQ==, registry: https://npm.pkg.github.com/affandra-solusi-teknologi, tarball: https://registry.npmjs.org/@types/scheduler/-/scheduler-0.16.3.tgz}
    name: '@types/scheduler'
    version: 0.16.3
    dev: true

  registry.npmjs.org/ansi-styles@3.2.1:
    resolution: {integrity: sha512-VT0ZI6kZRdTh8YyJw3SMbYm/u+NqfsAxEpWO0Pf9sq8/e94WxxOpPKx9FR1FlyCtOVDNOQ+8ntlqFxiRc+r5qA==, registry: https://npm.pkg.github.com/affandra-solusi-teknologi, tarball: https://registry.npmjs.org/ansi-styles/-/ansi-styles-3.2.1.tgz}
    name: ansi-styles
    version: 3.2.1
    engines: {node: '>=4'}
    dependencies:
      color-convert: registry.npmjs.org/color-convert@1.9.3
    dev: true
    optional: true

  registry.npmjs.org/arg@5.0.2:
    resolution: {integrity: sha512-PYjyFOLKQ9y57JvQ6QLo8dAgNqswh8M1RMJYdQduT6xbWSgK36P/Z/v+p888pM69jMMfS8Xd8F6I1kQ/I9HUGg==, registry: https://npm.pkg.github.com/affandra-solusi-teknologi, tarball: https://registry.npmjs.org/arg/-/arg-5.0.2.tgz}
    name: arg
    version: 5.0.2
    dev: true

  registry.npmjs.org/balanced-match@1.0.2:
    resolution: {integrity: sha512-3oSeUO0TMV67hN1AmbXsK4yaqU7tjiHlbxRDZOpH0KW9+CeX4bRAaX0Anxt0tx2MrpRpWwQaPwIlISEJhYU5Pw==, registry: https://npm.pkg.github.com/affandra-solusi-teknologi, tarball: https://registry.npmjs.org/balanced-match/-/balanced-match-1.0.2.tgz}
    name: balanced-match
    version: 1.0.2
    dev: true

  registry.npmjs.org/brace-expansion@2.0.1:
    resolution: {integrity: sha512-XnAIvQ8eM+kC6aULx6wuQiwVsnzsi9d3WxzV3FpWTGA19F621kwdbsAcFKXgKUHZWsy+mY6iL1sHTxWEFCytDA==, registry: https://npm.pkg.github.com/affandra-solusi-teknologi, tarball: https://registry.npmjs.org/brace-expansion/-/brace-expansion-2.0.1.tgz}
    name: brace-expansion
    version: 2.0.1
    dependencies:
      balanced-match: registry.npmjs.org/balanced-match@1.0.2
    dev: true

  registry.npmjs.org/builtin-modules@3.3.0:
    resolution: {integrity: sha512-zhaCDicdLuWN5UbN5IMnFqNMhNfo919sH85y2/ea+5Yg9TsTkeZxpL+JLbp6cgYFS4sRLp3YV4S6yDuqVWHYOw==, registry: https://npm.pkg.github.com/affandra-solusi-teknologi, tarball: https://registry.npmjs.org/builtin-modules/-/builtin-modules-3.3.0.tgz}
    name: builtin-modules
    version: 3.3.0
    engines: {node: '>=6'}
    dev: true

  registry.npmjs.org/bunchee@3.2.0(typescript@5.0.4):
    resolution: {integrity: sha512-gFg9T/oTDSlzBmjpxKAMUgTHFBx05bCw9jCM0O+moEjGyt8TMIwaG8RbiBCXxE43lEhUwU1RrtCRlSYniU+w7w==, registry: https://npm.pkg.github.com/affandra-solusi-teknologi, tarball: https://registry.npmjs.org/bunchee/-/bunchee-3.2.0.tgz}
    id: registry.npmjs.org/bunchee/3.2.0
    name: bunchee
    version: 3.2.0
    engines: {node: '>= 16'}
    hasBin: true
    peerDependencies:
      typescript: '>=4.1.0 <5.0.0 || >=5.0.0 <6.0.0'
    peerDependenciesMeta:
      '@swc/helpers':
        optional: true
      typescript:
        optional: true
    dependencies:
      '@rollup/plugin-commonjs': registry.npmjs.org/@rollup/plugin-commonjs@24.0.1(rollup@3.20.2)
      '@rollup/plugin-json': registry.npmjs.org/@rollup/plugin-json@6.0.0(rollup@3.20.2)
      '@rollup/plugin-node-resolve': registry.npmjs.org/@rollup/plugin-node-resolve@15.0.2(rollup@3.20.2)
      '@rollup/plugin-replace': registry.npmjs.org/@rollup/plugin-replace@5.0.2(rollup@3.20.2)
      '@rollup/plugin-wasm': registry.npmjs.org/@rollup/plugin-wasm@6.1.3(rollup@3.20.2)
      '@swc/core': registry.npmjs.org/@swc/core@1.3.46(@swc/helpers@0.5.0)
      '@swc/helpers': registry.npmjs.org/@swc/helpers@0.5.0
      arg: registry.npmjs.org/arg@5.0.2
      pretty-bytes: registry.npmjs.org/pretty-bytes@5.6.0
      publint: registry.npmjs.org/publint@0.1.11
      rollup: registry.npmjs.org/rollup@3.20.2
      rollup-plugin-dts: registry.npmjs.org/rollup-plugin-dts@5.3.0(rollup@3.20.2)(typescript@5.0.4)
      rollup-plugin-preserve-shebang: registry.npmjs.org/rollup-plugin-preserve-shebang@1.0.1
      rollup-plugin-swc3: registry.npmjs.org/rollup-plugin-swc3@0.8.1(@swc/core@1.3.46)(rollup@3.20.2)
      tslib: registry.npmjs.org/tslib@2.5.0
      typescript: registry.npmjs.org/typescript@5.0.4
    dev: true

  registry.npmjs.org/chalk@2.4.2:
    resolution: {integrity: sha512-Mti+f9lpJNcwF4tWV8/OrTTtF1gZi+f8FqlyAdouralcFWFQWF2+NgCHShjkCb+IFBLq9buZwE1xckQU4peSuQ==, registry: https://npm.pkg.github.com/affandra-solusi-teknologi, tarball: https://registry.npmjs.org/chalk/-/chalk-2.4.2.tgz}
    name: chalk
    version: 2.4.2
    engines: {node: '>=4'}
    dependencies:
      ansi-styles: registry.npmjs.org/ansi-styles@3.2.1
      escape-string-regexp: registry.npmjs.org/escape-string-regexp@1.0.5
      supports-color: registry.npmjs.org/supports-color@5.5.0
    dev: true
    optional: true

  registry.npmjs.org/color-convert@1.9.3:
    resolution: {integrity: sha512-QfAUtd+vFdAtFQcC8CCyYt1fYWxSqAiK2cSD6zDB8N3cpsEBAvRxp9zOGg6G/SHHJYAT88/az/IuDGALsNVbGg==, registry: https://npm.pkg.github.com/affandra-solusi-teknologi, tarball: https://registry.npmjs.org/color-convert/-/color-convert-1.9.3.tgz}
    name: color-convert
    version: 1.9.3
    dependencies:
      color-name: registry.npmjs.org/color-name@1.1.3
    dev: true
    optional: true

  registry.npmjs.org/color-name@1.1.3:
    resolution: {integrity: sha512-72fSenhMw2HZMTVHeCA9KCmpEIbzWiQsjN+BHcBbS9vr1mtt+vJjPdksIBNUmKAW8TFUDPJK5SUU3QhE9NEXDw==, registry: https://npm.pkg.github.com/affandra-solusi-teknologi, tarball: https://registry.npmjs.org/color-name/-/color-name-1.1.3.tgz}
    name: color-name
    version: 1.1.3
    dev: true
    optional: true

  registry.npmjs.org/commondir@1.0.1:
    resolution: {integrity: sha512-W9pAhw0ja1Edb5GVdIF1mjZw/ASI0AlShXM83UUGe2DVr5TdAPEA1OA8m/g8zWp9x6On7gqufY+FatDbC3MDQg==, registry: https://npm.pkg.github.com/affandra-solusi-teknologi, tarball: https://registry.npmjs.org/commondir/-/commondir-1.0.1.tgz}
    name: commondir
    version: 1.0.1
    dev: true

  registry.npmjs.org/csstype@3.1.2:
    resolution: {integrity: sha512-I7K1Uu0MBPzaFKg4nI5Q7Vs2t+3gWWW648spaF+Rg7pI9ds18Ugn+lvg4SHczUdKlHI5LWBXyqfS8+DufyBsgQ==, registry: https://npm.pkg.github.com/affandra-solusi-teknologi, tarball: https://registry.npmjs.org/csstype/-/csstype-3.1.2.tgz}
    name: csstype
    version: 3.1.2
    dev: true

  registry.npmjs.org/deepmerge@4.3.1:
    resolution: {integrity: sha512-3sUqbMEc77XqpdNO7FRyRog+eW3ph+GYCbj+rK+uYyRMuwsVy0rMiVtPn+QJlKFvWP/1PYpapqYn0Me2knFn+A==, registry: https://npm.pkg.github.com/affandra-solusi-teknologi, tarball: https://registry.npmjs.org/deepmerge/-/deepmerge-4.3.1.tgz}
    name: deepmerge
    version: 4.3.1
    engines: {node: '>=0.10.0'}
    dev: true

  registry.npmjs.org/escape-string-regexp@1.0.5:
    resolution: {integrity: sha512-vbRorB5FUQWvla16U8R/qgaFIya2qGzwDrNmCZuYKrbdSUMG6I1ZCGQRefkRVhuOkIGVne7BQ35DSfo1qvJqFg==, registry: https://npm.pkg.github.com/affandra-solusi-teknologi, tarball: https://registry.npmjs.org/escape-string-regexp/-/escape-string-regexp-1.0.5.tgz}
    name: escape-string-regexp
    version: 1.0.5
    engines: {node: '>=0.8.0'}
    dev: true
    optional: true

  registry.npmjs.org/estree-walker@2.0.2:
    resolution: {integrity: sha512-Rfkk/Mp/DL7JVje3u18FxFujQlTNR2q6QfMSMB7AvCBx91NGj/ba3kCfza0f6dVDbw7YlRf/nDrn7pQrCCyQ/w==, registry: https://npm.pkg.github.com/affandra-solusi-teknologi, tarball: https://registry.npmjs.org/estree-walker/-/estree-walker-2.0.2.tgz}
    name: estree-walker
    version: 2.0.2
    dev: true

  registry.npmjs.org/fs.realpath@1.0.0:
    resolution: {integrity: sha512-OO0pH2lK6a0hZnAdau5ItzHPI6pUlvI7jMVnxUQRtw4owF2wk8lOSabtGDCTP4Ggrg2MbGnWO9X8K1t4+fGMDw==, registry: https://npm.pkg.github.com/affandra-solusi-teknologi, tarball: https://registry.npmjs.org/fs.realpath/-/fs.realpath-1.0.0.tgz}
    name: fs.realpath
    version: 1.0.0
    dev: true

  registry.npmjs.org/fsevents@2.3.2:
    resolution: {integrity: sha512-xiqMQR4xAeHTuB9uWm+fFRcIOgKBMiOBP+eXiyT7jsgVCq1bkVygt00oASowB7EdtpOHaaPgKt812P9ab+DDKA==, registry: https://npm.pkg.github.com/affandra-solusi-teknologi, tarball: https://registry.npmjs.org/fsevents/-/fsevents-2.3.2.tgz}
    name: fsevents
    version: 2.3.2
    engines: {node: ^8.16.0 || ^10.6.0 || >=11.0.0}
    os: [darwin]
    requiresBuild: true
    dev: true
    optional: true

  registry.npmjs.org/function-bind@1.1.1:
    resolution: {integrity: sha512-yIovAzMX49sF8Yl58fSCWJ5svSLuaibPxXQJFLmBObTuCr0Mf1KiPopGM9NiFjiYBCbfaa2Fh6breQ6ANVTI0A==, registry: https://npm.pkg.github.com/affandra-solusi-teknologi, tarball: https://registry.npmjs.org/function-bind/-/function-bind-1.1.1.tgz}
    name: function-bind
    version: 1.1.1
    dev: true

  registry.npmjs.org/get-tsconfig@4.6.0:
    resolution: {integrity: sha512-lgbo68hHTQnFddybKbbs/RDRJnJT5YyGy2kQzVwbq+g67X73i+5MVTval34QxGkOe9X5Ujf1UYpCaphLyltjEg==, registry: https://npm.pkg.github.com/affandra-solusi-teknologi, tarball: https://registry.npmjs.org/get-tsconfig/-/get-tsconfig-4.6.0.tgz}
    name: get-tsconfig
    version: 4.6.0
    dependencies:
      resolve-pkg-maps: registry.npmjs.org/resolve-pkg-maps@1.0.0
    dev: true

  registry.npmjs.org/glob@8.1.0:
    resolution: {integrity: sha512-r8hpEjiQEYlF2QU0df3dS+nxxSIreXQS1qRhMJM0Q5NDdR386C7jb7Hwwod8Fgiuex+k0GFjgft18yvxm5XoCQ==, registry: https://npm.pkg.github.com/affandra-solusi-teknologi, tarball: https://registry.npmjs.org/glob/-/glob-8.1.0.tgz}
    name: glob
    version: 8.1.0
    engines: {node: '>=12'}
    dependencies:
      fs.realpath: registry.npmjs.org/fs.realpath@1.0.0
      inflight: registry.npmjs.org/inflight@1.0.6
      inherits: registry.npmjs.org/inherits@2.0.4
      minimatch: registry.npmjs.org/minimatch@5.1.6
      once: registry.npmjs.org/once@1.4.0
    dev: true

  registry.npmjs.org/has-flag@3.0.0:
    resolution: {integrity: sha512-sKJf1+ceQBr4SMkvQnBDNDtf4TXpVhVGateu0t918bl30FnbE2m4vNLX+VWe/dpjlb+HugGYzW7uQXH98HPEYw==, registry: https://npm.pkg.github.com/affandra-solusi-teknologi, tarball: https://registry.npmjs.org/has-flag/-/has-flag-3.0.0.tgz}
    name: has-flag
    version: 3.0.0
    engines: {node: '>=4'}
    dev: true
    optional: true

  registry.npmjs.org/has@1.0.3:
    resolution: {integrity: sha512-f2dvO0VU6Oej7RkWJGrehjbzMAjFp5/VKPp5tTpWIV4JHHZK1/BxbFRtf/siA2SWTe09caDmVtYYzWEIbBS4zw==, registry: https://npm.pkg.github.com/affandra-solusi-teknologi, tarball: https://registry.npmjs.org/has/-/has-1.0.3.tgz}
    name: has
    version: 1.0.3
    engines: {node: '>= 0.4.0'}
    dependencies:
      function-bind: registry.npmjs.org/function-bind@1.1.1
    dev: true

  registry.npmjs.org/ignore-walk@5.0.1:
    resolution: {integrity: sha512-yemi4pMf51WKT7khInJqAvsIGzoqYXblnsz0ql8tM+yi1EKYTY1evX4NAbJrLL/Aanr2HyZeluqU+Oi7MGHokw==, registry: https://npm.pkg.github.com/affandra-solusi-teknologi, tarball: https://registry.npmjs.org/ignore-walk/-/ignore-walk-5.0.1.tgz}
    name: ignore-walk
    version: 5.0.1
    engines: {node: ^12.13.0 || ^14.15.0 || >=16.0.0}
    dependencies:
      minimatch: registry.npmjs.org/minimatch@5.1.6
    dev: true

  registry.npmjs.org/inflight@1.0.6:
    resolution: {integrity: sha512-k92I/b08q4wvFscXCLvqfsHCrjrF7yiXsQuIVvVE7N82W3+aqpzuUdBbfhWcy/FZR3/4IgflMgKLOsvPDrGCJA==, registry: https://npm.pkg.github.com/affandra-solusi-teknologi, tarball: https://registry.npmjs.org/inflight/-/inflight-1.0.6.tgz}
    name: inflight
    version: 1.0.6
    dependencies:
      once: registry.npmjs.org/once@1.4.0
      wrappy: registry.npmjs.org/wrappy@1.0.2
    dev: true

  registry.npmjs.org/inherits@2.0.4:
    resolution: {integrity: sha512-k/vGaX4/Yla3WzyMCvTQOXYeIHvqOKtnqBduzTHpzpQZzAskKMhZ2K+EnBiSM9zGSoIFeMpXKxa4dYeZIQqewQ==, registry: https://npm.pkg.github.com/affandra-solusi-teknologi, tarball: https://registry.npmjs.org/inherits/-/inherits-2.0.4.tgz}
    name: inherits
    version: 2.0.4
    dev: true

  registry.npmjs.org/is-builtin-module@3.2.1:
    resolution: {integrity: sha512-BSLE3HnV2syZ0FK0iMA/yUGplUeMmNz4AW5fnTunbCIqZi4vG3WjJT9FHMy5D69xmAYBHXQhJdALdpwVxV501A==, registry: https://npm.pkg.github.com/affandra-solusi-teknologi, tarball: https://registry.npmjs.org/is-builtin-module/-/is-builtin-module-3.2.1.tgz}
    name: is-builtin-module
    version: 3.2.1
    engines: {node: '>=6'}
    dependencies:
      builtin-modules: registry.npmjs.org/builtin-modules@3.3.0
    dev: true

  registry.npmjs.org/is-core-module@2.12.1:
    resolution: {integrity: sha512-Q4ZuBAe2FUsKtyQJoQHlvP8OvBERxO3jEmy1I7hcRXcJBGGHFh/aJBswbXuS9sgrDH2QUO8ilkwNPHvHMd8clg==, registry: https://npm.pkg.github.com/affandra-solusi-teknologi, tarball: https://registry.npmjs.org/is-core-module/-/is-core-module-2.12.1.tgz}
    name: is-core-module
    version: 2.12.1
    dependencies:
      has: registry.npmjs.org/has@1.0.3
    dev: true

  registry.npmjs.org/is-module@1.0.0:
    resolution: {integrity: sha512-51ypPSPCoTEIN9dy5Oy+h4pShgJmPCygKfyRCISBI+JoWT/2oJvK8QPxmwv7b/p239jXrm9M1mlQbyKJ5A152g==, registry: https://npm.pkg.github.com/affandra-solusi-teknologi, tarball: https://registry.npmjs.org/is-module/-/is-module-1.0.0.tgz}
    name: is-module
    version: 1.0.0
    dev: true

  registry.npmjs.org/is-reference@1.2.1:
    resolution: {integrity: sha512-U82MsXXiFIrjCK4otLT+o2NA2Cd2g5MLoOVXUZjIOhLurrRxpEXzI8O0KZHr3IjLvlAH1kTPYSuqer5T9ZVBKQ==, registry: https://npm.pkg.github.com/affandra-solusi-teknologi, tarball: https://registry.npmjs.org/is-reference/-/is-reference-1.2.1.tgz}
    name: is-reference
    version: 1.2.1
    dependencies:
      '@types/estree': registry.npmjs.org/@types/estree@1.0.1
    dev: true

  registry.npmjs.org/js-tokens@4.0.0:
    resolution: {integrity: sha512-RdJUflcE3cUzKiMqQgsCu06FPu9UdIJO0beYbPhHN4k6apgJtifcoCtT9bcxOpYBtpD2kCM6Sbzg4CausW/PKQ==, registry: https://npm.pkg.github.com/affandra-solusi-teknologi, tarball: https://registry.npmjs.org/js-tokens/-/js-tokens-4.0.0.tgz}
    name: js-tokens
    version: 4.0.0
    dev: true

  registry.npmjs.org/loose-envify@1.4.0:
    resolution: {integrity: sha512-lyuxPGr/Wfhrlem2CL/UcnUc1zcqKAImBDzukY7Y5F/yQiNdko6+fRLevlw1HgMySw7f611UIY408EtxRSoK3Q==, registry: https://npm.pkg.github.com/affandra-solusi-teknologi, tarball: https://registry.npmjs.org/loose-envify/-/loose-envify-1.4.0.tgz}
    name: loose-envify
    version: 1.4.0
    hasBin: true
    dependencies:
      js-tokens: registry.npmjs.org/js-tokens@4.0.0
    dev: true

  registry.npmjs.org/magic-string@0.25.9:
    resolution: {integrity: sha512-RmF0AsMzgt25qzqqLc1+MbHmhdx0ojF2Fvs4XnOqz2ZOBXzzkEwc/dJQZCYHAn7v1jbVOjAZfK8msRn4BxO4VQ==, registry: https://npm.pkg.github.com/affandra-solusi-teknologi, tarball: https://registry.npmjs.org/magic-string/-/magic-string-0.25.9.tgz}
    name: magic-string
    version: 0.25.9
    dependencies:
      sourcemap-codec: registry.npmjs.org/sourcemap-codec@1.4.8
    dev: true

  registry.npmjs.org/magic-string@0.27.0:
    resolution: {integrity: sha512-8UnnX2PeRAPZuN12svgR9j7M1uWMovg/CEnIwIG0LFkXSJJe4PdfUGiTGl8V9bsBHFUtfVINcSyYxd7q+kx9fA==, registry: https://npm.pkg.github.com/affandra-solusi-teknologi, tarball: https://registry.npmjs.org/magic-string/-/magic-string-0.27.0.tgz}
    name: magic-string
    version: 0.27.0
    engines: {node: '>=12'}
    dependencies:
      '@jridgewell/sourcemap-codec': registry.npmjs.org/@jridgewell/sourcemap-codec@1.4.15
    dev: true

  registry.npmjs.org/magic-string@0.30.0:
    resolution: {integrity: sha512-LA+31JYDJLs82r2ScLrlz1GjSgu66ZV518eyWT+S8VhyQn/JL0u9MeBOvQMGYiPk1DBiSN9DDMOcXvigJZaViQ==, registry: https://npm.pkg.github.com/affandra-solusi-teknologi, tarball: https://registry.npmjs.org/magic-string/-/magic-string-0.30.0.tgz}
    name: magic-string
    version: 0.30.0
    engines: {node: '>=12'}
    dependencies:
      '@jridgewell/sourcemap-codec': registry.npmjs.org/@jridgewell/sourcemap-codec@1.4.15
    dev: true

  registry.npmjs.org/minimatch@5.1.6:
    resolution: {integrity: sha512-lKwV/1brpG6mBUFHtb7NUmtABCb2WZZmm2wNiOA5hAb8VdCS4B3dtMWyvcoViccwAW/COERjXLt0zP1zXUN26g==, registry: https://npm.pkg.github.com/affandra-solusi-teknologi, tarball: https://registry.npmjs.org/minimatch/-/minimatch-5.1.6.tgz}
    name: minimatch
    version: 5.1.6
    engines: {node: '>=10'}
    dependencies:
      brace-expansion: registry.npmjs.org/brace-expansion@2.0.1
    dev: true

  registry.npmjs.org/mri@1.2.0:
    resolution: {integrity: sha512-tzzskb3bG8LvYGFF/mDTpq3jpI6Q9wc3LEmBaghu+DdCssd1FakN7Bc0hVNmEyGq1bq3RgfkCb3cmQLpNPOroA==, registry: https://npm.pkg.github.com/affandra-solusi-teknologi, tarball: https://registry.npmjs.org/mri/-/mri-1.2.0.tgz}
    name: mri
    version: 1.2.0
    engines: {node: '>=4'}
    dev: true

  registry.npmjs.org/npm-bundled@2.0.1:
    resolution: {integrity: sha512-gZLxXdjEzE/+mOstGDqR6b0EkhJ+kM6fxM6vUuckuctuVPh80Q6pw/rSZj9s4Gex9GxWtIicO1pc8DB9KZWudw==, registry: https://npm.pkg.github.com/affandra-solusi-teknologi, tarball: https://registry.npmjs.org/npm-bundled/-/npm-bundled-2.0.1.tgz}
    name: npm-bundled
    version: 2.0.1
    engines: {node: ^12.13.0 || ^14.15.0 || >=16.0.0}
    dependencies:
      npm-normalize-package-bin: registry.npmjs.org/npm-normalize-package-bin@2.0.0
    dev: true

  registry.npmjs.org/npm-normalize-package-bin@2.0.0:
    resolution: {integrity: sha512-awzfKUO7v0FscrSpRoogyNm0sajikhBWpU0QMrW09AMi9n1PoKU6WaIqUzuJSQnpciZZmJ/jMZ2Egfmb/9LiWQ==, registry: https://npm.pkg.github.com/affandra-solusi-teknologi, tarball: https://registry.npmjs.org/npm-normalize-package-bin/-/npm-normalize-package-bin-2.0.0.tgz}
    name: npm-normalize-package-bin
    version: 2.0.0
    engines: {node: ^12.13.0 || ^14.15.0 || >=16.0.0}
    dev: true

  registry.npmjs.org/npm-packlist@5.1.3:
    resolution: {integrity: sha512-263/0NGrn32YFYi4J533qzrQ/krmmrWwhKkzwTuM4f/07ug51odoaNjUexxO4vxlzURHcmYMH1QjvHjsNDKLVg==, registry: https://npm.pkg.github.com/affandra-solusi-teknologi, tarball: https://registry.npmjs.org/npm-packlist/-/npm-packlist-5.1.3.tgz}
    name: npm-packlist
    version: 5.1.3
    engines: {node: ^12.13.0 || ^14.15.0 || >=16.0.0}
    hasBin: true
    dependencies:
      glob: registry.npmjs.org/glob@8.1.0
      ignore-walk: registry.npmjs.org/ignore-walk@5.0.1
      npm-bundled: registry.npmjs.org/npm-bundled@2.0.1
      npm-normalize-package-bin: registry.npmjs.org/npm-normalize-package-bin@2.0.0
    dev: true

  registry.npmjs.org/once@1.4.0:
    resolution: {integrity: sha512-lNaJgI+2Q5URQBkccEKHTQOPaXdUxnZZElQTZY0MFUAuaEqe1E+Nyvgdz/aIyNi6Z9MzO5dv1H8n58/GELp3+w==, registry: https://npm.pkg.github.com/affandra-solusi-teknologi, tarball: https://registry.npmjs.org/once/-/once-1.4.0.tgz}
    name: once
    version: 1.4.0
    dependencies:
      wrappy: registry.npmjs.org/wrappy@1.0.2
    dev: true

  registry.npmjs.org/path-parse@1.0.7:
    resolution: {integrity: sha512-LDJzPVEEEPR+y48z93A0Ed0yXb8pAByGWo/k5YYdYgpY2/2EsOsksJrq7lOHxryrVOn1ejG6oAp8ahvOIQD8sw==, registry: https://npm.pkg.github.com/affandra-solusi-teknologi, tarball: https://registry.npmjs.org/path-parse/-/path-parse-1.0.7.tgz}
    name: path-parse
    version: 1.0.7
    dev: true

  registry.npmjs.org/picocolors@1.0.0:
    resolution: {integrity: sha512-1fygroTLlHu66zi26VoTDv8yRgm0Fccecssto+MhsZ0D/DGW2sm8E8AjW7NU5VVTRt5GxbeZ5qBuJr+HyLYkjQ==, registry: https://npm.pkg.github.com/affandra-solusi-teknologi, tarball: https://registry.npmjs.org/picocolors/-/picocolors-1.0.0.tgz}
    name: picocolors
    version: 1.0.0
    dev: true

  registry.npmjs.org/picomatch@2.3.1:
    resolution: {integrity: sha512-JU3teHTNjmE2VCGFzuY8EXzCDVwEqB2a8fsIvwaStHhAWJEeVd1o1QD80CU6+ZdEXXSLbSsuLwJjkCBWqRQUVA==, registry: https://npm.pkg.github.com/affandra-solusi-teknologi, tarball: https://registry.npmjs.org/picomatch/-/picomatch-2.3.1.tgz}
    name: picomatch
    version: 2.3.1
    engines: {node: '>=8.6'}
    dev: true

  registry.npmjs.org/pretty-bytes@5.6.0:
    resolution: {integrity: sha512-FFw039TmrBqFK8ma/7OL3sDz/VytdtJr044/QUJtH0wK9lb9jLq9tJyIxUwtQJHwar2BqtiA4iCWSwo9JLkzFg==, registry: https://npm.pkg.github.com/affandra-solusi-teknologi, tarball: https://registry.npmjs.org/pretty-bytes/-/pretty-bytes-5.6.0.tgz}
    name: pretty-bytes
    version: 5.6.0
    engines: {node: '>=6'}
    dev: true

  registry.npmjs.org/publint@0.1.11:
    resolution: {integrity: sha512-sD0rtIEadks83MkpomJswBO/YHExJLkta1TyqUhb0/aVV+o3ZlVnwsDPjCAow8tpfxmLGutCSLWq32yfhPB98w==, registry: https://npm.pkg.github.com/affandra-solusi-teknologi, tarball: https://registry.npmjs.org/publint/-/publint-0.1.11.tgz}
    name: publint
    version: 0.1.11
    engines: {node: '>=16'}
    hasBin: true
    dependencies:
      npm-packlist: registry.npmjs.org/npm-packlist@5.1.3
      picocolors: registry.npmjs.org/picocolors@1.0.0
      sade: registry.npmjs.org/sade@1.8.1
    dev: true

  registry.npmjs.org/react@18.2.0:
    resolution: {integrity: sha512-/3IjMdb2L9QbBdWiW5e3P2/npwMBaU9mHCSCUzNln0ZCYbcfTsGbTJrU/kGemdH2IWmB2ioZ+zkxtmq6g09fGQ==, registry: https://npm.pkg.github.com/affandra-solusi-teknologi, tarball: https://registry.npmjs.org/react/-/react-18.2.0.tgz}
    name: react
    version: 18.2.0
    engines: {node: '>=0.10.0'}
    dependencies:
      loose-envify: registry.npmjs.org/loose-envify@1.4.0
    dev: true

  registry.npmjs.org/resolve-pkg-maps@1.0.0:
    resolution: {integrity: sha512-seS2Tj26TBVOC2NIc2rOe2y2ZO7efxITtLZcGSOnHHNOQ7CkiUBfw0Iw2ck6xkIhPwLhKNLS8BO+hEpngQlqzw==, registry: https://npm.pkg.github.com/affandra-solusi-teknologi, tarball: https://registry.npmjs.org/resolve-pkg-maps/-/resolve-pkg-maps-1.0.0.tgz}
    name: resolve-pkg-maps
    version: 1.0.0
    dev: true

  registry.npmjs.org/resolve@1.22.2:
    resolution: {integrity: sha512-Sb+mjNHOULsBv818T40qSPeRiuWLyaGMa5ewydRLFimneixmVy2zdivRl+AF6jaYPC8ERxGDmFSiqui6SfPd+g==, registry: https://npm.pkg.github.com/affandra-solusi-teknologi, tarball: https://registry.npmjs.org/resolve/-/resolve-1.22.2.tgz}
    name: resolve
    version: 1.22.2
    hasBin: true
    dependencies:
      is-core-module: registry.npmjs.org/is-core-module@2.12.1
      path-parse: registry.npmjs.org/path-parse@1.0.7
      supports-preserve-symlinks-flag: registry.npmjs.org/supports-preserve-symlinks-flag@1.0.0
    dev: true

  registry.npmjs.org/rollup-plugin-dts@5.3.0(rollup@3.20.2)(typescript@5.0.4):
    resolution: {integrity: sha512-8FXp0ZkyZj1iU5klkIJYLjIq/YZSwBoERu33QBDxm/1yw5UU4txrEtcmMkrq+ZiKu3Q4qvPCNqc3ovX6rjqzbQ==, registry: https://npm.pkg.github.com/affandra-solusi-teknologi, tarball: https://registry.npmjs.org/rollup-plugin-dts/-/rollup-plugin-dts-5.3.0.tgz}
    id: registry.npmjs.org/rollup-plugin-dts/5.3.0
    name: rollup-plugin-dts
    version: 5.3.0
    engines: {node: '>=v14'}
    peerDependencies:
      rollup: ^3.0.0
      typescript: ^4.1 || ^5.0
    dependencies:
      magic-string: registry.npmjs.org/magic-string@0.30.0
      rollup: registry.npmjs.org/rollup@3.20.2
      typescript: registry.npmjs.org/typescript@5.0.4
    optionalDependencies:
      '@babel/code-frame': registry.npmjs.org/@babel/code-frame@7.21.4
    dev: true

  registry.npmjs.org/rollup-plugin-preserve-shebang@1.0.1:
    resolution: {integrity: sha512-gk7ExGBqvUinhgrvldKHkAKXXwRkWMXMZymNkrtn50uBgHITlhRjhnKmbNGwAIc4Bzgl3yLv7/8Fhi/XeHhFKg==, registry: https://npm.pkg.github.com/affandra-solusi-teknologi, tarball: https://registry.npmjs.org/rollup-plugin-preserve-shebang/-/rollup-plugin-preserve-shebang-1.0.1.tgz}
    name: rollup-plugin-preserve-shebang
    version: 1.0.1
    dependencies:
      magic-string: registry.npmjs.org/magic-string@0.25.9
    dev: true

  registry.npmjs.org/rollup-plugin-swc3@0.8.1(@swc/core@1.3.46)(rollup@3.20.2):
    resolution: {integrity: sha512-xoHRmrGamXrz4rNfmXiTNf/6pAYY2daFOJavVsrG/HvBgsoa8lx9rtas9XiqOl5DqD04tGn8MiUwarITOPyh8A==, registry: https://npm.pkg.github.com/affandra-solusi-teknologi, tarball: https://registry.npmjs.org/rollup-plugin-swc3/-/rollup-plugin-swc3-0.8.1.tgz}
    id: registry.npmjs.org/rollup-plugin-swc3/0.8.1
    name: rollup-plugin-swc3
    version: 0.8.1
    engines: {node: '>=12'}
    peerDependencies:
      '@swc/core': '>=1.2.165'
      rollup: ^2.0.0 || ^3.0.0
    dependencies:
      '@fastify/deepmerge': registry.npmjs.org/@fastify/deepmerge@1.3.0
      '@rollup/pluginutils': registry.npmjs.org/@rollup/pluginutils@4.2.1
      '@swc/core': registry.npmjs.org/@swc/core@1.3.46(@swc/helpers@0.5.0)
      get-tsconfig: registry.npmjs.org/get-tsconfig@4.6.0
      rollup: registry.npmjs.org/rollup@3.20.2
    dev: true

  registry.npmjs.org/rollup@3.20.2:
    resolution: {integrity: sha512-3zwkBQl7Ai7MFYQE0y1MeQ15+9jsi7XxfrqwTb/9EK8D9C9+//EBR4M+CuA1KODRaNbFez/lWxA5vhEGZp4MUg==, registry: https://npm.pkg.github.com/affandra-solusi-teknologi, tarball: https://registry.npmjs.org/rollup/-/rollup-3.20.2.tgz}
    name: rollup
    version: 3.20.2
    engines: {node: '>=14.18.0', npm: '>=8.0.0'}
    hasBin: true
    optionalDependencies:
      fsevents: registry.npmjs.org/fsevents@2.3.2
    dev: true

  registry.npmjs.org/sade@1.8.1:
    resolution: {integrity: sha512-xal3CZX1Xlo/k4ApwCFrHVACi9fBqJ7V+mwhBsuf/1IOKbBy098Fex+Wa/5QMubw09pSZ/u8EY8PWgevJsXp1A==, registry: https://npm.pkg.github.com/affandra-solusi-teknologi, tarball: https://registry.npmjs.org/sade/-/sade-1.8.1.tgz}
    name: sade
    version: 1.8.1
    engines: {node: '>=6'}
    dependencies:
      mri: registry.npmjs.org/mri@1.2.0
    dev: true

  registry.npmjs.org/sourcemap-codec@1.4.8:
    resolution: {integrity: sha512-9NykojV5Uih4lgo5So5dtw+f0JgJX30KCNI8gwhz2J9A15wD0Ml6tjHKwf6fTSa6fAdVBdZeNOs9eJ71qCk8vA==, registry: https://npm.pkg.github.com/affandra-solusi-teknologi, tarball: https://registry.npmjs.org/sourcemap-codec/-/sourcemap-codec-1.4.8.tgz}
    name: sourcemap-codec
    version: 1.4.8
    deprecated: Please use @jridgewell/sourcemap-codec instead
    dev: true

  registry.npmjs.org/supports-color@5.5.0:
    resolution: {integrity: sha512-QjVjwdXIt408MIiAqCX4oUKsgU2EqAGzs2Ppkm4aQYbjm+ZEWEcW4SfFNTr4uMNZma0ey4f5lgLrkB0aX0QMow==, registry: https://npm.pkg.github.com/affandra-solusi-teknologi, tarball: https://registry.npmjs.org/supports-color/-/supports-color-5.5.0.tgz}
    name: supports-color
    version: 5.5.0
    engines: {node: '>=4'}
    dependencies:
      has-flag: registry.npmjs.org/has-flag@3.0.0
    dev: true
    optional: true

  registry.npmjs.org/supports-preserve-symlinks-flag@1.0.0:
    resolution: {integrity: sha512-ot0WnXS9fgdkgIcePe6RHNk1WA8+muPa6cSjeR3V8K27q9BB1rTE3R1p7Hv0z1ZyAc8s6Vvv8DIyWf681MAt0w==, registry: https://npm.pkg.github.com/affandra-solusi-teknologi, tarball: https://registry.npmjs.org/supports-preserve-symlinks-flag/-/supports-preserve-symlinks-flag-1.0.0.tgz}
    name: supports-preserve-symlinks-flag
    version: 1.0.0
    engines: {node: '>= 0.4'}
    dev: true

  registry.npmjs.org/tslib@2.5.0:
    resolution: {integrity: sha512-336iVw3rtn2BUK7ORdIAHTyxHGRIHVReokCR3XjbckJMK7ms8FysBfhLR8IXnAgy7T0PTPNBWKiH514FOW/WSg==, registry: https://npm.pkg.github.com/affandra-solusi-teknologi, tarball: https://registry.npmjs.org/tslib/-/tslib-2.5.0.tgz}
    name: tslib
    version: 2.5.0
    dev: true

  registry.npmjs.org/typescript@5.0.4:
    resolution: {integrity: sha512-cW9T5W9xY37cc+jfEnaUvX91foxtHkza3Nw3wkoF4sSlKn0MONdkdEndig/qPBWXNkmplh3NzayQzCiHM4/hqw==, registry: https://npm.pkg.github.com/affandra-solusi-teknologi, tarball: https://registry.npmjs.org/typescript/-/typescript-5.0.4.tgz}
    name: typescript
    version: 5.0.4
    engines: {node: '>=12.20'}
    hasBin: true
    dev: true

  registry.npmjs.org/wrappy@1.0.2:
    resolution: {integrity: sha512-l4Sp/DRseor9wL6EvV2+TuQn63dMkPjZ/sp9XkghTEbV9KlPS1xUsZ3u7/IQO4wxtcFB4bgpQPRcR3QCvezPcQ==, registry: https://npm.pkg.github.com/affandra-solusi-teknologi, tarball: https://registry.npmjs.org/wrappy/-/wrappy-1.0.2.tgz}
    name: wrappy
    version: 1.0.2
    dev: true
